
Microsoft Visual Studio Solution File, Format Version 12.00
# Visual Studio Express 2012 for Windows Desktop
Project("{FAE04EC0-301F-11D3-BF4B-00C04F79EFBC}") = "SpiralPrint", "SpiralPrint\SpiralPrint.csproj", "{CC83883F-0E32-49B4-B49C-D6C864212042}"
EndProject
Project("{FAE04EC0-301F-11D3-BF4B-00C04F79EFBC}") = "SpiralPrintTests", "SpiralPrintTests\SpiralPrintTests.csproj", "{956D6BEF-E944-43D7-8CBB-CC55BDB2832D}"
EndProject
Global
	GlobalSection(SolutionConfigurationPlatforms) = preSolution
		Debug|Any CPU = Debug|Any CPU
		Release|Any CPU = Release|Any CPU
	EndGlobalSection
	GlobalSection(ProjectConfigurationPlatforms) = postSolution
		{CC83883F-0E32-49B4-B49C-D6C864212042}.Debug|Any CPU.ActiveCfg = Debug|Any CPU
		{CC83883F-0E32-49B4-B49C-D6C864212042}.Debug|Any CPU.Build.0 = Debug|Any CPU
		{CC83883F-0E32-49B4-B49C-D6C864212042}.Release|Any CPU.ActiveCfg = Release|Any CPU
		{CC83883F-0E32-49B4-B49C-D6C864212042}.Release|Any CPU.Build.0 = Release|Any CPU
		{956D6BEF-E944-43D7-8CBB-CC55BDB2832D}.Debug|Any CPU.ActiveCfg = Debug|Any CPU
		{956D6BEF-E944-43D7-8CBB-CC55BDB2832D}.Debug|Any CPU.Build.0 = Debug|Any CPU
		{956D6BEF-E944-43D7-8CBB-CC55BDB2832D}.Release|Any CPU.ActiveCfg = Release|Any CPU
		{956D6BEF-E944-43D7-8CBB-CC55BDB2832D}.Release|Any CPU.Build.0 = Release|Any CPU
	EndGlobalSection
	GlobalSection(SolutionProperties) = preSolution
		HideSolutionNode = FALSE
	EndGlobalSection
EndGlobal
